
Microsoft Visual Studio Solution File, Format Version 12.00
# Visual Studio Version 17
VisualStudioVersion = 17.9.34728.123
MinimumVisualStudioVersion = 10.0.40219.1
Project("{9A19103F-16F7-4668-BE54-9A1E7A4F7556}") = "Website", "Website\Website.csproj", "{19767723-628D-48A8-BDD8-7AE2B979C6A6}"
EndProject
Project("{9A19103F-16F7-4668-BE54-9A1E7A4F7556}") = "Website.Shared", "Website.Shared\Website.Shared.csproj", "{AE94736C-9FFB-450F-938F-E282237E5735}"
EndProject
Project("{9A19103F-16F7-4668-BE54-9A1E7A4F7556}") = "Website.Data", "Website.Data\Website.Data.csproj", "{759AFF8E-0802-403A-9806-01C0A4E194F4}"
	ProjectSection(ProjectDependencies) = postProject
		{AE94736C-9FFB-450F-938F-E282237E5735} = {AE94736C-9FFB-450F-938F-E282237E5735}
	EndProjectSection
EndProject
Project("{9A19103F-16F7-4668-BE54-9A1E7A4F7556}") = "Website.Tests", "Website.Tests\Website.Tests.csproj", "{D540B38C-D748-436C-9BFE-86AB2CB1B3E2}"
EndProject
Project("{FAE04EC0-301F-11D3-BF4B-00C04F79EFBC}") = "Website.Frontend", "Website.Frontend\Website.Frontend.csproj", "{6E5B942B-7A7E-44E9-AB2F-7005BDC04CAB}"
EndProject
Global
	GlobalSection(SolutionConfigurationPlatforms) = preSolution
		Debug|Any CPU = Debug|Any CPU
		Release|Any CPU = Release|Any CPU
	EndGlobalSection
	GlobalSection(ProjectConfigurationPlatforms) = postSolution
		{19767723-628D-48A8-BDD8-7AE2B979C6A6}.Debug|Any CPU.ActiveCfg = Debug|Any CPU
		{19767723-628D-48A8-BDD8-7AE2B979C6A6}.Debug|Any CPU.Build.0 = Debug|Any CPU
		{19767723-628D-48A8-BDD8-7AE2B979C6A6}.Release|Any CPU.ActiveCfg = Release|Any CPU
		{19767723-628D-48A8-BDD8-7AE2B979C6A6}.Release|Any CPU.Build.0 = Release|Any CPU
		{AE94736C-9FFB-450F-938F-E282237E5735}.Debug|Any CPU.ActiveCfg = Debug|Any CPU
		{AE94736C-9FFB-450F-938F-E282237E5735}.Debug|Any CPU.Build.0 = Debug|Any CPU
		{AE94736C-9FFB-450F-938F-E282237E5735}.Release|Any CPU.ActiveCfg = Release|Any CPU
		{AE94736C-9FFB-450F-938F-E282237E5735}.Release|Any CPU.Build.0 = Release|Any CPU
		{759AFF8E-0802-403A-9806-01C0A4E194F4}.Debug|Any CPU.ActiveCfg = Debug|Any CPU
		{759AFF8E-0802-403A-9806-01C0A4E194F4}.Debug|Any CPU.Build.0 = Debug|Any CPU
		{759AFF8E-0802-403A-9806-01C0A4E194F4}.Release|Any CPU.ActiveCfg = Release|Any CPU
		{759AFF8E-0802-403A-9806-01C0A4E194F4}.Release|Any CPU.Build.0 = Release|Any CPU
		{D540B38C-D748-436C-9BFE-86AB2CB1B3E2}.Debug|Any CPU.ActiveCfg = Debug|Any CPU
		{D540B38C-D748-436C-9BFE-86AB2CB1B3E2}.Debug|Any CPU.Build.0 = Debug|Any CPU
		{D540B38C-D748-436C-9BFE-86AB2CB1B3E2}.Release|Any CPU.ActiveCfg = Release|Any CPU
		{D540B38C-D748-436C-9BFE-86AB2CB1B3E2}.Release|Any CPU.Build.0 = Release|Any CPU
		{6E5B942B-7A7E-44E9-AB2F-7005BDC04CAB}.Debug|Any CPU.ActiveCfg = Debug|Any CPU
		{6E5B942B-7A7E-44E9-AB2F-7005BDC04CAB}.Debug|Any CPU.Build.0 = Debug|Any CPU
		{6E5B942B-7A7E-44E9-AB2F-7005BDC04CAB}.Release|Any CPU.ActiveCfg = Release|Any CPU
		{6E5B942B-7A7E-44E9-AB2F-7005BDC04CAB}.Release|Any CPU.Build.0 = Release|Any CPU
	EndGlobalSection
	GlobalSection(SolutionProperties) = preSolution
		HideSolutionNode = FALSE
	EndGlobalSection
	GlobalSection(ExtensibilityGlobals) = postSolution
		SolutionGuid = {D3771B6E-D238-4294-9D83-C875131E48E0}
	EndGlobalSection
EndGlobal
